
Microsoft Visual Studio Solution File, Format Version 12.00
# Visual Studio Version 17
VisualStudioVersion = 17.14.36408.4 d17.14
MinimumVisualStudioVersion = 10.0.40219.1
Project("{FAE04EC0-301F-11D3-BF4B-00C04F79EFBC}") = "BibliotecaConversao", "BibliotecaConversao\BibliotecaConversao.csproj", "{8A726EE8-4643-46AD-AD5C-026FEF39B7AA}"
EndProject
Project("{FAE04EC0-301F-11D3-BF4B-00C04F79EFBC}") = "TesteConversor", "TesteConversor\TesteConversor.csproj", "{47256B09-0C0B-4511-820C-E56B614E0B77}"
EndProject
Global
	GlobalSection(SolutionConfigurationPlatforms) = preSolution
		Debug|Any CPU = Debug|Any CPU
		Release|Any CPU = Release|Any CPU
	EndGlobalSection
	GlobalSection(ProjectConfigurationPlatforms) = postSolution
		{8A726EE8-4643-46AD-AD5C-026FEF39B7AA}.Debug|Any CPU.ActiveCfg = Debug|Any CPU
		{8A726EE8-4643-46AD-AD5C-026FEF39B7AA}.Debug|Any CPU.Build.0 = Debug|Any CPU
		{8A726EE8-4643-46AD-AD5C-026FEF39B7AA}.Release|Any CPU.ActiveCfg = Release|Any CPU
		{8A726EE8-4643-46AD-AD5C-026FEF39B7AA}.Release|Any CPU.Build.0 = Release|Any CPU
		{47256B09-0C0B-4511-820C-E56B614E0B77}.Debug|Any CPU.ActiveCfg = Debug|Any CPU
		{47256B09-0C0B-4511-820C-E56B614E0B77}.Debug|Any CPU.Build.0 = Debug|Any CPU
		{47256B09-0C0B-4511-820C-E56B614E0B77}.Release|Any CPU.ActiveCfg = Release|Any CPU
		{47256B09-0C0B-4511-820C-E56B614E0B77}.Release|Any CPU.Build.0 = Release|Any CPU
	EndGlobalSection
	GlobalSection(SolutionProperties) = preSolution
		HideSolutionNode = FALSE
	EndGlobalSection
	GlobalSection(ExtensibilityGlobals) = postSolution
		SolutionGuid = {A598105B-64B9-4596-ABD8-738E2AD192AA}
	EndGlobalSection
EndGlobal
